
Microsoft Visual Studio Solution File, Format Version 12.00
# Visual Studio 15
Project("{FAE04EC0-301F-11D3-BF4B-00C04F79EFBC}") = "Assembly-CSharp", "Assembly-CSharp.csproj", "{525BA206-A516-F636-6A6D-C8DC9F849912}"
EndProject
Global
	GlobalSection(SolutionConfigurationPlatforms) = preSolution
		Debug|Any CPU = Debug|Any CPU
		Release|Any CPU = Release|Any CPU
	EndGlobalSection
	GlobalSection(ProjectConfigurationPlatforms) = postSolution
		{525BA206-A516-F636-6A6D-C8DC9F849912}.Debug|Any CPU.ActiveCfg = Debug|Any CPU
		{525BA206-A516-F636-6A6D-C8DC9F849912}.Debug|Any CPU.Build.0 = Debug|Any CPU
		{525BA206-A516-F636-6A6D-C8DC9F849912}.Release|Any CPU.ActiveCfg = Release|Any CPU
		{525BA206-A516-F636-6A6D-C8DC9F849912}.Release|Any CPU.Build.0 = Release|Any CPU
	EndGlobalSection
	GlobalSection(SolutionProperties) = preSolution
		HideSolutionNode = FALSE
	EndGlobalSection
EndGlobal
